
Microsoft Visual Studio Solution File, Format Version 12.00
# Visual Studio Version 16
VisualStudioVersion = 16.0.30204.135
MinimumVisualStudioVersion = 10.0.40219.1
Project("{FAE04EC0-301F-11D3-BF4B-00C04F79EFBC}") = "SammysAuto", "SammysAuto.csproj", "{BBAFB3A7-337E-4FFE-9FBF-6342F3604116}"
EndProject
Global
	GlobalSection(SolutionConfigurationPlatforms) = preSolution
		Debug|Any CPU = Debug|Any CPU
		Release|Any CPU = Release|Any CPU
	EndGlobalSection
	GlobalSection(ProjectConfigurationPlatforms) = postSolution
		{BBAFB3A7-337E-4FFE-9FBF-6342F3604116}.Debug|Any CPU.ActiveCfg = Debug|Any CPU
		{BBAFB3A7-337E-4FFE-9FBF-6342F3604116}.Debug|Any CPU.Build.0 = Debug|Any CPU
		{BBAFB3A7-337E-4FFE-9FBF-6342F3604116}.Release|Any CPU.ActiveCfg = Release|Any CPU
		{BBAFB3A7-337E-4FFE-9FBF-6342F3604116}.Release|Any CPU.Build.0 = Release|Any CPU
	EndGlobalSection
	GlobalSection(SolutionProperties) = preSolution
		HideSolutionNode = FALSE
	EndGlobalSection
	GlobalSection(ExtensibilityGlobals) = postSolution
		SolutionGuid = {7EB33302-3426-4EAC-9262-CAABF31B42F2}
	EndGlobalSection
EndGlobal
